
Microsoft Visual Studio Solution File, Format Version 12.00
# Visual Studio Version 16
VisualStudioVersion = 16.0.29324.140
MinimumVisualStudioVersion = 10.0.40219.1
Project("{8BC9CEB8-8B4A-11D0-8D11-00A0C91BC942}") = "parallel_proj2", "parallel_proj2\parallel_proj2.vcxproj", "{16D5B873-EB09-4219-8CEB-8C3ABFAC0630}"
EndProject
Global
	GlobalSection(SolutionConfigurationPlatforms) = preSolution
		Debug|x64 = Debug|x64
		Release|x64 = Release|x64
	EndGlobalSection
	GlobalSection(ProjectConfigurationPlatforms) = postSolution
		{16D5B873-EB09-4219-8CEB-8C3ABFAC0630}.Debug|x64.ActiveCfg = Debug|x64
		{16D5B873-EB09-4219-8CEB-8C3ABFAC0630}.Debug|x64.Build.0 = Debug|x64
		{16D5B873-EB09-4219-8CEB-8C3ABFAC0630}.Release|x64.ActiveCfg = Release|x64
		{16D5B873-EB09-4219-8CEB-8C3ABFAC0630}.Release|x64.Build.0 = Release|x64
	EndGlobalSection
	GlobalSection(SolutionProperties) = preSolution
		HideSolutionNode = FALSE
	EndGlobalSection
	GlobalSection(ExtensibilityGlobals) = postSolution
		SolutionGuid = {0A05A1FA-0483-414B-97DA-B5C29BF678F3}
	EndGlobalSection
EndGlobal
