<?xml version="1.0" encoding="utf-8"?>
<Project ToolsVersion="4.0" xmlns="http://schemas.microsoft.com/developer/msbuild/2003">
  <ItemGroup>
    <CudaCompile Include="kernel.cu" />
  </ItemGroup>
  <ItemGroup>
    <Filter Include="resources">
      <UniqueIdentifier>{41d81813-07aa-48e6-b965-cd83e51c78f5}</UniqueIdentifier>
    </Filter>
    <Filter Include="include">
      <UniqueIdentifier>{608686c9-4088-42c3-9cbc-10d21beefc64}</UniqueIdentifier>
    </Filter>
  </ItemGroup>
  <ItemGroup>
    <ClInclude Include="include\cuda_utils.cuh">
      <Filter>include</Filter>
    </ClInclude>
    <ClInclude Include="include\cv_utils.h">
      <Filter>include</Filter>
    </ClInclude>
    <ClInclude Include="resource.h" />
  </ItemGroup>
  <ItemGroup>
    <ResourceCompile Include="parallel_proj2.rc" />
  </ItemGroup>
  <ItemGroup>
    <None Include="..\README.md" />
    <None Include="..\.gitignore" />
  </ItemGroup>
</Project>